
Microsoft Visual Studio Solution File, Format Version 12.00
# Visual Studio 15
VisualStudioVersion = 15.0.28307.757
MinimumVisualStudioVersion = 10.0.40219.1
Project("{9A19103F-16F7-4668-BE54-9A1E7A4F7556}") = "Escalonador", "Escalonador\Escalonador.csproj", "{FCDD1ECF-8CF5-452A-B186-727034C4EA19}"
EndProject
Project("{FAE04EC0-301F-11D3-BF4B-00C04F79EFBC}") = "SchedulerInterface", "WindowsFormsApp1\SchedulerInterface.csproj", "{5967819C-07FA-484D-979A-2A5F760226A4}"
EndProject
Global
	GlobalSection(SolutionConfigurationPlatforms) = preSolution
		Debug|Any CPU = Debug|Any CPU
		Release|Any CPU = Release|Any CPU
	EndGlobalSection
	GlobalSection(ProjectConfigurationPlatforms) = postSolution
		{FCDD1ECF-8CF5-452A-B186-727034C4EA19}.Debug|Any CPU.ActiveCfg = Debug|Any CPU
		{FCDD1ECF-8CF5-452A-B186-727034C4EA19}.Debug|Any CPU.Build.0 = Debug|Any CPU
		{FCDD1ECF-8CF5-452A-B186-727034C4EA19}.Release|Any CPU.ActiveCfg = Release|Any CPU
		{FCDD1ECF-8CF5-452A-B186-727034C4EA19}.Release|Any CPU.Build.0 = Release|Any CPU
		{5967819C-07FA-484D-979A-2A5F760226A4}.Debug|Any CPU.ActiveCfg = Debug|Any CPU
		{5967819C-07FA-484D-979A-2A5F760226A4}.Debug|Any CPU.Build.0 = Debug|Any CPU
		{5967819C-07FA-484D-979A-2A5F760226A4}.Release|Any CPU.ActiveCfg = Release|Any CPU
		{5967819C-07FA-484D-979A-2A5F760226A4}.Release|Any CPU.Build.0 = Release|Any CPU
	EndGlobalSection
	GlobalSection(SolutionProperties) = preSolution
		HideSolutionNode = FALSE
	EndGlobalSection
	GlobalSection(ExtensibilityGlobals) = postSolution
		SolutionGuid = {5F3A94C7-EE0A-4A0E-AC6C-6D28C53AD4A4}
	EndGlobalSection
EndGlobal
